# This file is automatically @generated by rv.
# It is not intended for manual editing.
version = 2
r_version = "4.6"

[[packages]]
name = "DiceKriging"
version = "1.6.1"
source = { repository = "https://p3m.dev/cran/latest" }
force_source = false
dependencies = []

[[packages]]
name = "Formula"
version = "1.2-6"
source = { repository = "https://p3m.dev/cran/latest" }
force_source = false
dependencies = []

[[packages]]
name = "Hmisc"
version = "5.3-0"
source = { repository = "https://p3m.dev/cran/latest" }
force_source = false
dependencies = [
    "ggplot2",
    "cluster",
    "rpart",
    "nnet",
    "foreign",
    "gtable",
    "gridExtra",
    "data.table",
    { name = "htmlTable", requirement = "(>= 1.11.0)" },
    "viridisLite",
    "htmltools",
    "base64enc",
    "colorspace",
    "rmarkdown",
    "knitr",
    "Formula",
]

[[packages]]
name = "KernSmooth"
version = "2.23-26"
source = { builtin = true }
force_source = false
dependencies = []

[[packages]]
name = "MASS"
version = "7.3-65"
source = { builtin = true }
force_source = false
dependencies = []

[[packages]]
name = "Matrix"
version = "1.7-5"
source = { builtin = true }
force_source = false
dependencies = [
    "lattice",
]

[[packages]]
name = "MatrixModels"
version = "0.5-4"
source = { repository = "https://p3m.dev/cran/latest" }
force_source = false
dependencies = [
    { name = "Matrix", requirement = "(>= 1.6-0)" },
    { name = "Matrix", requirement = "(< 1.8-0)" },
]

[[packages]]
name = "PRROC"
version = "1.4"
source = { repository = "https://p3m.dev/cran/latest" }
force_source = false
dependencies = [
    "rlang",
]

[[packages]]
name = "Publish"
version = "2025.07.24"
source = { repository = "https://p3m.dev/cran/latest" }
force_source = false
dependencies = [
    { name = "prodlim", requirement = "(>= 1.5.4)" },
    { name = "survival", requirement = "(>= 2.38)" },
    { name = "data.table", requirement = "(>= 1.10.4)" },
    { name = "lava", requirement = "(>= 1.5.1)" },
    { name = "multcomp", requirement = "(>= 1.4)" },
]

[[packages]]
name = "R6"
version = "2.6.1"
source = { repository = "https://p3m.dev/cran/latest" }
force_source = false
dependencies = []

[[packages]]
name = "RColorBrewer"
version = "1.1-3"
source = { repository = "https://p3m.dev/cran/latest" }
force_source = false
dependencies = []

[[packages]]
name = "Rcpp"
version = "1.1.2"
source = { repository = "https://p3m.dev/cran/latest" }
force_source = false
dependencies = []

[[packages]]
name = "RcppArmadillo"
version = "15.6.0-1"
source = { repository = "https://p3m.dev/cran/latest" }
force_source = false
dependencies = [
    { name = "Rcpp", requirement = "(>= 1.1.1)" },
]

[[packages]]
name = "RcppEigen"
version = "0.3.4.0.2"
source = { repository = "https://p3m.dev/cran/latest" }
force_source = false
dependencies = [
    { name = "Rcpp", requirement = "(>= 0.11.0)" },
]

[[packages]]
name = "Rdpack"
version = "2.6.6"
source = { repository = "https://p3m.dev/cran/latest" }
force_source = false
dependencies = [
    { name = "rbibutils", requirement = "(> 2.4)" },
]

[[packages]]
name = "S7"
version = "0.2.2"
source = { repository = "https://p3m.dev/cran/latest" }
force_source = false
dependencies = []

[[packages]]
name = "SQUAREM"
version = "2026.1"
source = { repository = "https://p3m.dev/cran/latest" }
force_source = false
dependencies = []

[[packages]]
name = "SparseM"
version = "1.84-2"
source = { repository = "https://p3m.dev/cran/latest" }
force_source = false
dependencies = []

[[packages]]
name = "TH.data"
version = "1.1-5"
source = { repository = "https://p3m.dev/cran/latest" }
force_source = false
dependencies = [
    "survival",
    "MASS",
]

[[packages]]
name = "askpass"
version = "1.2.1"
source = { repository = "https://p3m.dev/cran/latest" }
force_source = false
dependencies = [
    { name = "sys", requirement = "(>= 2.1)" },
]

[[packages]]
name = "backports"
version = "1.5.1"
source = { repository = "https://p3m.dev/cran/latest" }
force_source = false
dependencies = []

[[packages]]
name = "base64enc"
version = "0.1-6"
source = { repository = "https://p3m.dev/cran/latest" }
force_source = false
dependencies = []

[[packages]]
name = "base64url"
version = "1.4"
source = { repository = "https://p3m.dev/cran/latest" }
force_source = false
dependencies = [
    { name = "backports", requirement = "(>= 1.1.0)" },
]

[[packages]]
name = "bbotk"
version = "1.13.1"
source = { repository = "https://p3m.dev/cran/latest" }
force_source = false
dependencies = [
    { name = "paradox", requirement = "(>= 1.0.0)" },
    { name = "checkmate", requirement = "(>= 2.0.0)" },
    "cli",
    "data.table",
    "lgr",
    { name = "mlr3misc", requirement = "(>= 0.21.0)" },
    { name = "moocore", requirement = "(>= 0.3.2)" },
    "R6",
]

[[packages]]
name = "bslib"
version = "0.12.0"
source = { repository = "https://p3m.dev/cran/latest" }
force_source = false
dependencies = [
    "base64enc",
    "cachem",
    { name = "fastmap", requirement = "(>= 1.1.1)" },
    { name = "htmltools", requirement = "(>= 0.5.8)" },
    { name = "jquerylib", requirement = "(>= 0.1.3)" },
    "jsonlite",
    "lifecycle",
    { name = "memoise", requirement = "(>= 2.0.1)" },
    "mime",
    "rlang",
    { name = "sass", requirement = "(>= 0.4.9)" },
]

[[packages]]
name = "cachem"
version = "1.1.0"
source = { repository = "https://p3m.dev/cran/latest" }
force_source = false
dependencies = [
    "rlang",
    { name = "fastmap", requirement = "(>= 1.2.0)" },
]

[[packages]]
name = "callr"
version = "3.8.0"
source = { repository = "https://p3m.dev/cran/latest" }
force_source = false
dependencies = [
    { name = "otel", requirement = "(>= 0.2.0)" },
    { name = "processx", requirement = "(>= 3.6.1)" },
    "R6",
]

[[packages]]
name = "checkmate"
version = "2.3.4"
source = { repository = "https://p3m.dev/cran/latest" }
force_source = false
dependencies = [
    { name = "backports", requirement = "(>= 1.1.0)" },
]

[[packages]]
name = "cli"
version = "3.6.6"
source = { repository = "https://p3m.dev/cran/latest" }
force_source = false
dependencies = []

[[packages]]
name = "cluster"
version = "2.1.8.2"
source = { builtin = true }
force_source = false
dependencies = []

[[packages]]
name = "cmprsk"
version = "2.2-12"
source = { repository = "https://p3m.dev/cran/latest" }
force_source = false
dependencies = [
    "survival",
]

[[packages]]
name = "codetools"
version = "0.2-20"
source = { builtin = true }
force_source = false
dependencies = []

[[packages]]
name = "colorspace"
version = "2.1-3"
source = { repository = "https://p3m.dev/cran/latest" }
force_source = false
dependencies = []

[[packages]]
name = "cpp11"
version = "0.5.5"
source = { repository = "https://p3m.dev/cran/latest" }
force_source = false
dependencies = []

[[packages]]
name = "data.table"
version = "1.18.6.1"
source = { repository = "https://p3m.dev/cran/latest" }
force_source = false
dependencies = []

[[packages]]
name = "diagram"
version = "1.6.5"
source = { repository = "https://p3m.dev/cran/latest" }
force_source = false
dependencies = [
    "shape",
]

[[packages]]
name = "dictionar6"
version = "0.1.3"
source = { git = "https://github.com/mlr-org/dictionar6", sha = "8c550ba46825c894c62b81f92e3e2d62c79cc7f2" }
force_source = true
dependencies = [
    "ooplah",
    "R6",
]

[[packages]]
name = "digest"
version = "0.6.39"
source = { repository = "https://p3m.dev/cran/latest" }
force_source = false
dependencies = []

[[packages]]
name = "distr6"
version = "1.8.4"
source = { git = "https://github.com/mlr-org/distr6", sha = "52ec317e549c234361eee139ca2e5aefd283690d" }
force_source = true
dependencies = [
    "checkmate",
    "data.table",
    "ooplah",
    { name = "param6", requirement = "(>= 0.2.4)" },
    "R6",
    "Rcpp",
    { name = "set6", requirement = "(>= 0.2.6)" },
]

[[packages]]
name = "doParallel"
version = "1.0.17"
source = { repository = "https://p3m.dev/cran/latest" }
force_source = false
dependencies = [
    { name = "foreach", requirement = "(>= 1.2.0)" },
    { name = "iterators", requirement = "(>= 1.0.0)" },
]

[[packages]]
name = "evaluate"
version = "1.0.5"
source = { repository = "https://p3m.dev/cran/latest" }
force_source = false
dependencies = []

[[packages]]
name = "farver"
version = "2.1.2"
source = { repository = "https://p3m.dev/cran/latest" }
force_source = false
dependencies = []

[[packages]]
name = "fastmap"
version = "1.2.0"
source = { repository = "https://p3m.dev/cran/latest" }
force_source = false
dependencies = []

[[packages]]
name = "fontawesome"
version = "0.5.3"
source = { repository = "https://p3m.dev/cran/latest" }
force_source = false
dependencies = [
    { name = "rlang", requirement = "(>= 1.0.6)" },
    { name = "htmltools", requirement = "(>= 0.5.1.1)" },
]

[[packages]]
name = "foreach"
version = "1.5.2"
source = { repository = "https://p3m.dev/cran/latest" }
force_source = false
dependencies = [
    "codetools",
    "iterators",
]

[[packages]]
name = "foreign"
version = "0.8-91"
source = { builtin = true }
force_source = false
dependencies = []

[[packages]]
name = "fs"
version = "2.1.0"
source = { repository = "https://p3m.dev/cran/latest" }
force_source = false
dependencies = []

[[packages]]
name = "future"
version = "1.76.0"
source = { repository = "https://p3m.dev/cran/latest" }
force_source = false
dependencies = [
    "digest",
    { name = "globals", requirement = "(>= 0.18.0)" },
    { name = "listenv", requirement = "(>= 0.8.0)" },
    { name = "parallelly", requirement = "(>= 1.44.0)" },
]

[[packages]]
name = "future.apply"
version = "1.20.2"
source = { repository = "https://p3m.dev/cran/latest" }
force_source = false
dependencies = [
    { name = "future", requirement = "(>= 1.49.0)" },
    "globals",
]

[[packages]]
name = "ggplot2"
version = "4.0.3"
source = { repository = "https://p3m.dev/cran/latest" }
force_source = false
dependencies = [
    "cli",
    { name = "gtable", requirement = "(>= 0.3.6)" },
    "isoband",
    { name = "lifecycle", requirement = "(> 1.0.1)" },
    { name = "rlang", requirement = "(>= 1.1.0)" },
    "S7",
    { name = "scales", requirement = "(>= 1.4.0)" },
    { name = "vctrs", requirement = "(>= 0.6.0)" },
    { name = "withr", requirement = "(>= 2.5.0)" },
]

[[packages]]
name = "glmnet"
version = "5.1"
source = { repository = "https://p3m.dev/cran/latest" }
force_source = false
dependencies = [
    { name = "Matrix", requirement = "(>= 1.0-6)" },
    "foreach",
    "shape",
    "survival",
    "Rcpp",
    "RcppEigen",
]

[[packages]]
name = "globals"
version = "0.19.1"
source = { repository = "https://p3m.dev/cran/latest" }
force_source = false
dependencies = [
    "codetools",
]

[[packages]]
name = "glue"
version = "1.8.1"
source = { repository = "https://p3m.dev/cran/latest" }
force_source = false
dependencies = []

[[packages]]
name = "gridExtra"
version = "2.3.1"
source = { repository = "https://p3m.dev/cran/latest" }
force_source = false
dependencies = [
    "gtable",
]

[[packages]]
name = "gtable"
version = "0.3.6"
source = { repository = "https://p3m.dev/cran/latest" }
force_source = false
dependencies = [
    "cli",
    "glue",
    "lifecycle",
    { name = "rlang", requirement = "(>= 1.1.0)" },
]

[[packages]]
name = "hardhat"
version = "1.4.3"
source = { repository = "https://p3m.dev/cran/latest" }
force_source = false
dependencies = [
    { name = "cli", requirement = "(>= 3.6.0)" },
    { name = "glue", requirement = "(>= 1.6.2)" },
    { name = "rlang", requirement = "(>= 1.1.0)" },
    { name = "sparsevctrs", requirement = "(>= 0.2.0)" },
    { name = "tibble", requirement = "(>= 3.2.1)" },
    { name = "vctrs", requirement = "(>= 0.6.0)" },
]

[[packages]]
name = "highr"
version = "0.12"
source = { repository = "https://p3m.dev/cran/latest" }
force_source = false
dependencies = [
    { name = "xfun", requirement = "(>= 0.18)" },
]

[[packages]]
name = "htmlTable"
version = "2.5.0"
source = { repository = "https://p3m.dev/cran/latest" }
force_source = false
dependencies = [
    "stringr",
    { name = "knitr", requirement = "(>= 1.6)" },
    { name = "magrittr", requirement = "(>= 1.5)" },
    "checkmate",
    "htmlwidgets",
    "htmltools",
    { name = "rstudioapi", requirement = "(>= 0.6)" },
]

[[packages]]
name = "htmltools"
version = "0.5.9"
source = { repository = "https://p3m.dev/cran/latest" }
force_source = false
dependencies = [
    "base64enc",
    "digest",
    { name = "fastmap", requirement = "(>= 1.1.0)" },
    { name = "rlang", requirement = "(>= 1.0.0)" },
]

[[packages]]
name = "htmlwidgets"
version = "1.6.4"
source = { repository = "https://p3m.dev/cran/latest" }
force_source = false
dependencies = [
    { name = "htmltools", requirement = "(>= 0.5.7)" },
    { name = "jsonlite", requirement = "(>= 0.9.16)" },
    { name = "knitr", requirement = "(>= 1.8)" },
    "rmarkdown",
    "yaml",
]

[[packages]]
name = "ids"
version = "1.0.1"
source = { repository = "https://p3m.dev/cran/latest" }
force_source = false
dependencies = [
    "openssl",
    "uuid",
]

[[packages]]
name = "igraph"
version = "2.3.4"
source = { repository = "https://p3m.dev/cran/latest" }
force_source = false
dependencies = [
    "cli",
    "lifecycle",
    "magrittr",
    "Matrix",
    { name = "pkgconfig", requirement = "(>= 2.0.0)" },
    { name = "rlang", requirement = "(>= 1.1.0)" },
    "vctrs",
    { name = "cpp11", requirement = "(>= 0.5.0)" },
]

[[packages]]
name = "isoband"
version = "0.3.0"
source = { repository = "https://p3m.dev/cran/latest" }
force_source = false
dependencies = [
    "cli",
    "rlang",
    "cpp11",
]

[[packages]]
name = "iterators"
version = "1.0.14"
source = { repository = "https://p3m.dev/cran/latest" }
force_source = false
dependencies = []

[[packages]]
name = "jquerylib"
version = "0.1.4"
source = { repository = "https://p3m.dev/cran/latest" }
force_source = false
dependencies = [
    "htmltools",
]

[[packages]]
name = "jsonlite"
version = "2.0.0"
source = { repository = "https://p3m.dev/cran/latest" }
force_source = false
dependencies = []

[[packages]]
name = "knitr"
version = "1.52"
source = { repository = "https://p3m.dev/cran/latest" }
force_source = false
dependencies = [
    { name = "evaluate", requirement = "(>= 0.15)" },
    { name = "highr", requirement = "(>= 0.11)" },
    { name = "xfun", requirement = "(>= 0.52)" },
    { name = "yaml", requirement = "(>= 2.1.19)" },
]

[[packages]]
name = "labeling"
version = "0.4.3"
source = { repository = "https://p3m.dev/cran/latest" }
force_source = false
dependencies = []

[[packages]]
name = "lattice"
version = "0.22-9"
source = { builtin = true }
force_source = false
dependencies = []

[[packages]]
name = "lava"
version = "1.9.3"
source = { repository = "https://p3m.dev/cran/latest" }
force_source = false
dependencies = [
    "cli",
    "future.apply",
    "numDeriv",
    "progressr",
    "survival",
    "SQUAREM",
]

[[packages]]
name = "lgr"
version = "0.5.2"
source = { repository = "https://p3m.dev/cran/latest" }
force_source = false
dependencies = [
    { name = "R6", requirement = "(>= 2.4.0)" },
]

[[packages]]
name = "lifecycle"
version = "1.0.5"
source = { repository = "https://p3m.dev/cran/latest" }
force_source = false
dependencies = [
    { name = "cli", requirement = "(>= 3.4.0)" },
    { name = "rlang", requirement = "(>= 1.1.0)" },
]

[[packages]]
name = "listenv"
version = "1.0.0"
source = { repository = "https://p3m.dev/cran/latest" }
force_source = false
dependencies = []

[[packages]]
name = "magrittr"
version = "2.0.5"
source = { repository = "https://p3m.dev/cran/latest" }
force_source = false
dependencies = []

[[packages]]
name = "matrixStats"
version = "1.5.0"
source = { repository = "https://p3m.dev/cran/latest" }
force_source = false
dependencies = []

[[packages]]
name = "memoise"
version = "2.0.1"
source = { repository = "https://p3m.dev/cran/latest" }
force_source = false
dependencies = [
    { name = "rlang", requirement = "(>= 0.4.10)" },
    "cachem",
]

[[packages]]
name = "mets"
version = "1.3.12"
source = { repository = "https://p3m.dev/cran/latest" }
force_source = false
dependencies = [
    "Rcpp",
    { name = "RcppArmadillo", requirement = "(>= 0.12.8.0)" },
    { name = "lava", requirement = "(>= 1.9.2)" },
    "mvtnorm",
    "numDeriv",
    { name = "survival", requirement = "(>= 2.43-1)" },
    { name = "timereg", requirement = "(>= 1.9.4)" },
]

[[packages]]
name = "mime"
version = "0.13"
source = { repository = "https://p3m.dev/cran/latest" }
force_source = false
dependencies = []

[[packages]]
name = "mirai"
version = "2.7.3"
source = { repository = "https://p3m.dev/cran/latest" }
force_source = false
dependencies = [
    { name = "nanonext", requirement = "(>= 1.10.3)" },
]

[[packages]]
name = "mlbench"
version = "2.1-11"
source = { repository = "https://p3m.dev/cran/latest" }
force_source = false
dependencies = []

[[packages]]
name = "mlr3"
version = "1.8.0"
source = { repository = "https://p3m.dev/cran/latest" }
force_source = false
dependencies = [
    { name = "R6", requirement = "(>= 2.4.1)" },
    { name = "backports", requirement = "(>= 1.5.0)" },
    { name = "checkmate", requirement = "(>= 2.0.0)" },
    "cli",
    { name = "data.table", requirement = "(>= 1.15.0)" },
    { name = "evaluate", requirement = "(>= 1.0.4)" },
    "future",
    { name = "future.apply", requirement = "(>= 1.5.0)" },
    { name = "lgr", requirement = "(>= 0.3.4)" },
    { name = "mirai", requirement = "(>= 2.4.1)" },
    { name = "mlbench", requirement = "(>= 2.1-11)" },
    { name = "mlr3measures", requirement = "(>= 1.2.0)" },
    { name = "mlr3misc", requirement = "(>= 0.21.0)" },
    "parallelly",
    "palmerpenguins",
    { name = "paradox", requirement = "(>= 1.0.1)" },
    "uuid",
]

[[packages]]
name = "mlr3cmprsk"
version = "0.0.6"
source = { git = "https://github.com/mlr-org/mlr3cmprsk", sha = "fe2b200de6d819cb2623d7ee7e15ba969b7b02af", branch = "main" }
force_source = true
dependencies = [
    { name = "mlr3", requirement = "(>= 1.8.0)" },
    { name = "checkmate", requirement = "(>= 2.3.2)" },
    "cmprsk",
    { name = "data.table", requirement = "(>= 1.17.8)" },
    { name = "mlr3misc", requirement = "(>= 0.23.0)" },
    { name = "paradox", requirement = "(>= 1.0.1)" },
    "R6",
    "riskRegression",
    { name = "survdistr", requirement = "(>= 0.0.3)" },
    "survival",
]

[[packages]]
name = "mlr3extralearners"
version = "1.7.0.9000"
source = { git = "https://github.com/mlr-org/mlr3extralearners", sha = "737eec150d0d9a9b71794824ba1ba299dfa948e6", branch = "rpf-redux" }
force_source = true
dependencies = [
    { name = "mlr3", requirement = "(>= 1.8.0)" },
    "checkmate",
    "data.table",
    { name = "mlr3cmprsk", requirement = "(>= 0.0.6)" },
    { name = "mlr3misc", requirement = "(>= 0.19.0)" },
    { name = "mlr3proba", requirement = "(>= 0.8.8)" },
    { name = "paradox", requirement = "(>= 1.0.1)" },
    "R6",
    "withr",
]

[[packages]]
name = "mlr3learners"
version = "0.16.0"
source = { repository = "https://p3m.dev/cran/latest" }
force_source = false
dependencies = [
    { name = "mlr3", requirement = "(>= 1.8.0)" },
    "checkmate",
    "data.table",
    { name = "mlr3misc", requirement = "(>= 0.9.4)" },
    { name = "paradox", requirement = "(>= 1.0.0)" },
    "R6",
]

[[packages]]
name = "mlr3mbo"
version = "1.2.1"
source = { repository = "https://p3m.dev/cran/latest" }
force_source = false
dependencies = [
    { name = "mlr3", requirement = "(>= 1.2.0)" },
    { name = "mlr3tuning", requirement = "(>= 1.4.0)" },
    { name = "bbotk", requirement = "(>= 1.8.0)" },
    { name = "checkmate", requirement = "(>= 2.0.0)" },
    "data.table",
    { name = "lgr", requirement = "(>= 0.3.4)" },
    { name = "mlr3misc", requirement = "(>= 0.21.0)" },
    { name = "paradox", requirement = "(>= 1.0.1)" },
    "spacefillr",
    { name = "R6", requirement = "(>= 2.4.1)" },
]

[[packages]]
name = "mlr3measures"
version = "1.3.0"
source = { repository = "https://p3m.dev/cran/latest" }
force_source = false
dependencies = [
    "checkmate",
    "mlr3misc",
    "PRROC",
]

[[packages]]
name = "mlr3misc"
version = "0.23.0"
source = { repository = "https://p3m.dev/cran/latest" }
force_source = false
dependencies = [
    { name = "backports", requirement = "(>= 0.1.5)" },
    "checkmate",
    "cli",
    "data.table",
    "digest",
    "R6",
]

[[packages]]
name = "mlr3pipelines"
version = "0.12.0"
source = { repository = "https://p3m.dev/cran/latest" }
force_source = false
dependencies = [
    "backports",
    "checkmate",
    "cli",
    "data.table",
    "digest",
    "lgr",
    { name = "mlr3", requirement = "(>= 0.20.0)" },
    { name = "mlr3misc", requirement = "(>= 0.17.0)" },
    { name = "paradox", requirement = "(>= 1.0.0)" },
    "R6",
]

[[packages]]
name = "mlr3proba"
version = "0.8.8"
source = { git = "https://github.com/mlr-org/mlr3proba", sha = "faf48f28d1d5fcb79d6d6fc018d4469b21f0faf1" }
force_source = true
dependencies = [
    { name = "mlr3", requirement = "(>= 1.2.0)" },
    "checkmate",
    "data.table",
    { name = "distr6", requirement = "(>= 1.8.4)" },
    "ggplot2",
    { name = "mlr3misc", requirement = "(>= 0.19.0)" },
    { name = "mlr3pipelines", requirement = "(>= 0.10.0)" },
    { name = "paradox", requirement = "(>= 1.0.0)" },
    "R6",
    { name = "Rcpp", requirement = "(>= 1.0.4)" },
    "survival",
]

[[packages]]
name = "mlr3tuning"
version = "1.7.0"
source = { repository = "https://p3m.dev/cran/latest" }
force_source = false
dependencies = [
    { name = "mlr3", requirement = "(>= 0.23.0)" },
    { name = "paradox", requirement = "(>= 1.0.1)" },
    { name = "bbotk", requirement = "(>= 1.13.0)" },
    { name = "checkmate", requirement = "(>= 2.0.0)" },
    "cli",
    "data.table",
    "lgr",
    { name = "mlr3misc", requirement = "(>= 0.15.1)" },
    "R6",
]

[[packages]]
name = "moocore"
version = "0.3.2"
source = { repository = "https://p3m.dev/cran/latest" }
force_source = false
dependencies = [
    "matrixStats",
    { name = "Rdpack", requirement = "(>= 2.4)" },
]

[[packages]]
name = "multcomp"
version = "1.4-32"
source = { repository = "https://p3m.dev/cran/latest" }
force_source = false
dependencies = [
    { name = "mvtnorm", requirement = "(>= 1.0-10)" },
    { name = "survival", requirement = "(>= 2.39-4)" },
    { name = "TH.data", requirement = "(>= 1.0-2)" },
    { name = "sandwich", requirement = "(>= 2.3-0)" },
    "codetools",
]

[[packages]]
name = "mvtnorm"
version = "1.4-2"
source = { repository = "https://p3m.dev/cran/latest" }
force_source = false
dependencies = []

[[packages]]
name = "nanonext"
version = "1.10.3"
source = { repository = "https://p3m.dev/cran/latest" }
force_source = false
dependencies = []

[[packages]]
name = "nlme"
version = "3.1-169"
source = { builtin = true }
force_source = false
dependencies = [
    "lattice",
]

[[packages]]
name = "nnet"
version = "7.3-20"
source = { builtin = true }
force_source = false
dependencies = []

[[packages]]
name = "numDeriv"
version = "2016.8-1.1"
source = { repository = "https://p3m.dev/cran/latest" }
force_source = false
dependencies = []

[[packages]]
name = "ooplah"
version = "0.2.0"
source = { git = "https://github.com/mlr-org/ooplah", sha = "4d88a65d349ba524060229704adcee25ec7bf4f8" }
force_source = true
dependencies = [
    "R6",
]

[[packages]]
name = "openssl"
version = "2.4.2"
source = { repository = "https://p3m.dev/cran/latest" }
force_source = false
dependencies = [
    "askpass",
]

[[packages]]
name = "otel"
version = "0.2.0"
source = { repository = "https://p3m.dev/cran/latest" }
force_source = false
dependencies = []

[[packages]]
name = "palmerpenguins"
version = "0.1.1"
source = { repository = "https://p3m.dev/cran/latest" }
force_source = false
dependencies = []

[[packages]]
name = "paradox"
version = "1.0.1"
source = { repository = "https://p3m.dev/cran/latest" }
force_source = false
dependencies = [
    "backports",
    "checkmate",
    "data.table",
    { name = "mlr3misc", requirement = "(>= 0.9.4)" },
    "R6",
]

[[packages]]
name = "parallelly"
version = "1.48.0"
source = { repository = "https://p3m.dev/cran/latest" }
force_source = false
dependencies = []

[[packages]]
name = "param6"
version = "0.2.4"
source = { git = "https://github.com/mlr-org/param6", sha = "82a11d441863bad20a5837ec63eff3b8f2bbbc6b" }
force_source = true
dependencies = [
    "checkmate",
    "data.table",
    { name = "dictionar6", requirement = "(>= 0.1.2)" },
    { name = "set6", requirement = "(>= 0.2.3)" },
    "R6",
]

[[packages]]
name = "pillar"
version = "1.11.1"
source = { repository = "https://p3m.dev/cran/latest" }
force_source = false
dependencies = [
    { name = "cli", requirement = "(>= 2.3.0)" },
    "glue",
    "lifecycle",
    { name = "rlang", requirement = "(>= 1.0.2)" },
    { name = "utf8", requirement = "(>= 1.1.0)" },
    { name = "vctrs", requirement = "(>= 0.5.0)" },
]

[[packages]]
name = "pkgconfig"
version = "2.0.3"
source = { repository = "https://p3m.dev/cran/latest" }
force_source = false
dependencies = []

[[packages]]
name = "plotrix"
version = "3.8-14"
source = { repository = "https://p3m.dev/cran/latest" }
force_source = false
dependencies = []

[[packages]]
name = "polspline"
version = "1.1.25"
source = { repository = "https://p3m.dev/cran/latest" }
force_source = false
dependencies = []

[[packages]]
name = "prettyunits"
version = "1.2.0"
source = { repository = "https://p3m.dev/cran/latest" }
force_source = false
dependencies = []

[[packages]]
name = "processx"
version = "3.9.0"
source = { repository = "https://p3m.dev/cran/latest" }
force_source = false
dependencies = [
    { name = "ps", requirement = "(>= 1.9.3)" },
    "R6",
]

[[packages]]
name = "prodlim"
version = "2026.03.11"
source = { repository = "https://p3m.dev/cran/latest" }
force_source = false
dependencies = [
    { name = "Rcpp", requirement = "(>= 0.11.5)" },
    "rlang",
    "data.table",
    "ggplot2",
    "scales",
    "diagram",
    "survival",
    "KernSmooth",
    "lava",
]

[[packages]]
name = "progressr"
version = "1.0.0"
source = { repository = "https://p3m.dev/cran/latest" }
force_source = false
dependencies = [
    "digest",
]

[[packages]]
name = "ps"
version = "1.9.3"
source = { repository = "https://p3m.dev/cran/latest" }
force_source = false
dependencies = []

[[packages]]
name = "quantreg"
version = "6.1"
source = { repository = "https://p3m.dev/cran/latest" }
force_source = false
dependencies = [
    "SparseM",
    "Matrix",
    "MatrixModels",
    "survival",
    "MASS",
]

[[packages]]
name = "randomPlantedForest"
version = "0.4.0"
source = { git = "https://github.com/PlantedML/randomPlantedForest", sha = "2b821511282a23ca07ad0c595f8f84622ebba4a3", branch = "master" }
force_source = true
dependencies = [
    "checkmate",
    "data.table",
    "hardhat",
    "Rcpp",
]

[[packages]]
name = "ranger"
version = "0.18.0"
source = { repository = "https://p3m.dev/cran/latest" }
force_source = false
dependencies = [
    { name = "Rcpp", requirement = "(>= 0.11.2)" },
    "Matrix",
    "RcppEigen",
]

[[packages]]
name = "rappdirs"
version = "0.3.4"
source = { repository = "https://p3m.dev/cran/latest" }
force_source = false
dependencies = []

[[packages]]
name = "rbibutils"
version = "2.4.1"
source = { repository = "https://p3m.dev/cran/latest" }
force_source = false
dependencies = []

[[packages]]
name = "redux"
version = "1.1.5"
source = { repository = "https://p3m.dev/cran/latest" }
force_source = false
dependencies = [
    "R6",
    { name = "storr", requirement = "(>= 1.1.1)" },
]

[[packages]]
name = "rgenoud"
version = "5.9-0.11"
source = { repository = "https://p3m.dev/cran/latest" }
force_source = false
dependencies = []

[[packages]]
name = "riskRegression"
version = "2026.03.11"
source = { repository = "https://p3m.dev/cran/latest" }
force_source = false
dependencies = [
    "cmprsk",
    { name = "data.table", requirement = "(>= 1.12.2)" },
    "doParallel",
    "foreach",
    { name = "ggplot2", requirement = "(>= 3.1.0)" },
    "lattice",
    { name = "lava", requirement = "(>= 1.6.5)" },
    "mets",
    "mvtnorm",
    "plotrix",
    { name = "prodlim", requirement = "(>= 2026.3.7)" },
    "Publish",
    "ranger",
    "Rcpp",
    { name = "rms", requirement = "(>= 5.1.3)" },
    "Hmisc",
    "glmnet",
    { name = "survival", requirement = "(>= 2.44.1)" },
    { name = "timereg", requirement = "(>= 1.9.3)" },
    "RcppArmadillo",
]

[[packages]]
name = "rlang"
version = "1.3.0"
source = { repository = "https://p3m.dev/cran/latest" }
force_source = false
dependencies = []

[[packages]]
name = "rmarkdown"
version = "2.32"
source = { repository = "https://p3m.dev/cran/latest" }
force_source = false
dependencies = [
    { name = "bslib", requirement = "(>= 0.2.5.1)" },
    { name = "evaluate", requirement = "(>= 0.13)" },
    { name = "fontawesome", requirement = "(>= 0.5.0)" },
    { name = "htmltools", requirement = "(>= 0.5.1)" },
    "jquerylib",
    "jsonlite",
    { name = "knitr", requirement = "(>= 1.50)" },
    { name = "tinytex", requirement = "(>= 0.31)" },
    { name = "xfun", requirement = "(>= 0.36)" },
    { name = "yaml", requirement = "(>= 2.1.19)" },
]

[[packages]]
name = "rms"
version = "8.1-1"
source = { repository = "https://p3m.dev/cran/latest" }
force_source = false
dependencies = [
    { name = "Hmisc", requirement = "(>= 5.2-5)" },
    "survival",
    "quantreg",
    "ggplot2",
    "Matrix",
    "SparseM",
    "rpart",
    { name = "nlme", requirement = "(>= 3.1-123)" },
    "polspline",
    "multcomp",
    { name = "htmlTable", requirement = "(>= 1.11.0)" },
    "htmltools",
    "MASS",
    "cluster",
    "digest",
    "colorspace",
    "knitr",
    "scales",
]

[[packages]]
name = "rpart"
version = "4.1.27"
source = { builtin = true }
force_source = false
dependencies = []

[[packages]]
name = "rstudioapi"
version = "0.19.0"
source = { repository = "https://p3m.dev/cran/latest" }
force_source = false
dependencies = []

[[packages]]
name = "rush"
version = "1.3.0"
source = { repository = "https://p3m.dev/cran/latest" }
force_source = false
dependencies = [
    "checkmate",
    "data.table",
    "ids",
    "jsonlite",
    { name = "lgr", requirement = "(>= 0.5.0)" },
    { name = "mirai", requirement = "(>= 2.5.0)" },
    { name = "mlr3misc", requirement = "(>= 0.20.0)" },
    "processx",
    "R6",
    "redux",
    "uuid",
]

[[packages]]
name = "sandwich"
version = "3.1-3"
source = { repository = "https://p3m.dev/cran/latest" }
force_source = false
dependencies = [
    "zoo",
]

[[packages]]
name = "sass"
version = "0.4.10"
source = { repository = "https://p3m.dev/cran/latest" }
force_source = false
dependencies = [
    { name = "fs", requirement = "(>= 1.2.4)" },
    { name = "rlang", requirement = "(>= 0.4.10)" },
    { name = "htmltools", requirement = "(>= 0.5.1)" },
    "R6",
    "rappdirs",
]

[[packages]]
name = "scales"
version = "1.4.0"
source = { repository = "https://p3m.dev/cran/latest" }
force_source = false
dependencies = [
    "cli",
    { name = "farver", requirement = "(>= 2.0.3)" },
    "glue",
    "labeling",
    "lifecycle",
    "R6",
    "RColorBrewer",
    { name = "rlang", requirement = "(>= 1.1.0)" },
    "viridisLite",
]

[[packages]]
name = "secretbase"
version = "1.3.1"
source = { repository = "https://p3m.dev/cran/latest" }
force_source = false
dependencies = []

[[packages]]
name = "set6"
version = "0.2.6"
source = { git = "https://github.com/mlr-org/set6", sha = "10ca8212b71c1e03aaed51fb98ab30ce17da3882" }
force_source = true
dependencies = [
    "checkmate",
    "ooplah",
    "Rcpp",
    "R6",
]

[[packages]]
name = "shape"
version = "1.4.6.1"
source = { repository = "https://p3m.dev/cran/latest" }
force_source = false
dependencies = []

[[packages]]
name = "spacefillr"
version = "0.4.0"
source = { repository = "https://p3m.dev/cran/latest" }
force_source = false
dependencies = [
    { name = "Rcpp", requirement = "(>= 1.0.0)" },
]

[[packages]]
name = "sparsevctrs"
version = "0.3.6"
source = { repository = "https://p3m.dev/cran/latest" }
force_source = false
dependencies = [
    { name = "cli", requirement = "(>= 3.4.0)" },
    { name = "rlang", requirement = "(>= 1.1.0)" },
    "vctrs",
]

[[packages]]
name = "storr"
version = "1.2.6"
source = { repository = "https://p3m.dev/cran/latest" }
force_source = false
dependencies = [
    { name = "R6", requirement = "(>= 2.1.0)" },
    "digest",
]

[[packages]]
name = "stringi"
version = "1.8.9"
source = { repository = "https://p3m.dev/cran/latest" }
force_source = false
dependencies = []

[[packages]]
name = "stringr"
version = "1.6.0"
source = { repository = "https://p3m.dev/cran/latest" }
force_source = false
dependencies = [
    "cli",
    { name = "glue", requirement = "(>= 1.6.1)" },
    { name = "lifecycle", requirement = "(>= 1.0.3)" },
    "magrittr",
    { name = "rlang", requirement = "(>= 1.0.0)" },
    { name = "stringi", requirement = "(>= 1.5.3)" },
    { name = "vctrs", requirement = "(>= 0.4.0)" },
]

[[packages]]
name = "survdistr"
version = "0.0.3"
source = { repository = "https://p3m.dev/cran/latest" }
force_source = false
dependencies = [
    "checkmate",
    "R6",
    "Rcpp",
]

[[packages]]
name = "survival"
version = "3.8-6"
source = { builtin = true }
force_source = false
dependencies = [
    "Matrix",
]

[[packages]]
name = "sys"
version = "3.4.3"
source = { repository = "https://p3m.dev/cran/latest" }
force_source = false
dependencies = []

[[packages]]
name = "targets"
version = "1.12.0"
source = { repository = "https://p3m.dev/cran/latest" }
force_source = false
dependencies = [
    { name = "base64url", requirement = "(>= 1.4)" },
    { name = "callr", requirement = "(>= 3.7.0)" },
    { name = "cli", requirement = "(>= 2.0.2)" },
    { name = "codetools", requirement = "(>= 0.2.16)" },
    { name = "data.table", requirement = "(>= 1.16.0)" },
    { name = "igraph", requirement = "(>= 2.0.0)" },
    { name = "knitr", requirement = "(>= 1.34)" },
    { name = "prettyunits", requirement = "(>= 1.1.0)" },
    { name = "ps", requirement = "(>= 1.8.0)" },
    { name = "R6", requirement = "(>= 2.4.1)" },
    { name = "rlang", requirement = "(>= 1.0.0)" },
    { name = "secretbase", requirement = "(>= 0.5.0)" },
    { name = "tibble", requirement = "(>= 3.0.1)" },
    { name = "tidyselect", requirement = "(>= 1.1.0)" },
    { name = "vctrs", requirement = "(>= 0.2.4)" },
    { name = "yaml", requirement = "(>= 2.2.1)" },
]

[[packages]]
name = "tibble"
version = "3.3.1"
source = { repository = "https://p3m.dev/cran/latest" }
force_source = false
dependencies = [
    "cli",
    { name = "lifecycle", requirement = "(>= 1.0.0)" },
    "magrittr",
    { name = "pillar", requirement = "(>= 1.8.1)" },
    "pkgconfig",
    { name = "rlang", requirement = "(>= 1.0.2)" },
    { name = "vctrs", requirement = "(>= 0.5.0)" },
]

[[packages]]
name = "tidyselect"
version = "1.2.1"
source = { repository = "https://p3m.dev/cran/latest" }
force_source = false
dependencies = [
    { name = "cli", requirement = "(>= 3.3.0)" },
    { name = "glue", requirement = "(>= 1.3.0)" },
    { name = "lifecycle", requirement = "(>= 1.0.3)" },
    { name = "rlang", requirement = "(>= 1.0.4)" },
    { name = "vctrs", requirement = "(>= 0.5.2)" },
    "withr",
]

[[packages]]
name = "timereg"
version = "2.0.7"
source = { repository = "https://p3m.dev/cran/latest" }
force_source = false
dependencies = [
    "survival",
    "lava",
    "numDeriv",
]

[[packages]]
name = "tinytex"
version = "0.61"
source = { repository = "https://p3m.dev/cran/latest" }
force_source = false
dependencies = [
    { name = "xfun", requirement = "(>= 0.48)" },
]

[[packages]]
name = "utf8"
version = "1.2.6"
source = { repository = "https://p3m.dev/cran/latest" }
force_source = false
dependencies = []

[[packages]]
name = "uuid"
version = "1.2-2"
source = { repository = "https://p3m.dev/cran/latest" }
force_source = false
dependencies = []

[[packages]]
name = "vctrs"
version = "0.7.3"
source = { repository = "https://p3m.dev/cran/latest" }
force_source = false
dependencies = [
    { name = "cli", requirement = "(>= 3.4.0)" },
    "glue",
    { name = "lifecycle", requirement = "(>= 1.0.3)" },
    { name = "rlang", requirement = "(>= 1.1.7)" },
]

[[packages]]
name = "viridisLite"
version = "0.4.3"
source = { repository = "https://p3m.dev/cran/latest" }
force_source = false
dependencies = []

[[packages]]
name = "withr"
version = "3.0.3"
source = { repository = "https://p3m.dev/cran/latest" }
force_source = false
dependencies = []

[[packages]]
name = "xfun"
version = "0.61"
source = { repository = "https://p3m.dev/cran/latest" }
force_source = false
dependencies = []

[[packages]]
name = "xgboost"
version = "3.2.1.1"
source = { repository = "https://p3m.dev/cran/latest" }
force_source = false
dependencies = [
    { name = "Matrix", requirement = "(>= 1.1-0)" },
    { name = "data.table", requirement = "(>= 1.9.6)" },
    { name = "jsonlite", requirement = "(>= 1.0)" },
]

[[packages]]
name = "yaml"
version = "2.3.12"
source = { repository = "https://p3m.dev/cran/latest" }
force_source = false
dependencies = []

[[packages]]
name = "zoo"
version = "1.9-1"
source = { repository = "https://p3m.dev/cran/latest" }
force_source = false
dependencies = [
    { name = "lattice", requirement = "(>= 0.20-27)" },
]
